# generated by rye
# use `rye lock` or `rye sync` to update this lockfile
#
# last locked with the following flags:
#   pre: false
#   features: []
#   all-features: false
#   with-sources: false
#   generate-hashes: false

-e file:.
attrs==23.2.0
    # via inscar
contourpy==1.2.1
    # via inscar
llvmlite==0.43.0
    # via numba
numba==0.60.0
    # via inscar
numpy==2.0.0
    # via contourpy
    # via inscar
    # via numba
    # via scipy
scipy==1.13.1
    # via inscar
